
Microsoft Visual Studio Solution File, Format Version 12.00
# Visual Studio 14
VisualStudioVersion = 14.0.25420.1
MinimumVisualStudioVersion = 10.0.40219.1
Project("{FAE04EC0-301F-11D3-BF4B-00C04F79EFBC}") = "ClassLibrary1", "ClassLibrary1\ClassLibrary1.csproj", "{789BBE57-6269-4129-A01A-E39D086BF7BC}"
EndProject
Project("{2150E333-8FDC-42A3-9474-1A3956D46DE8}") = "Solution Items", "Solution Items", "{129E5E00-62CB-46DD-AE26-9571C9853625}"
	ProjectSection(SolutionItems) = preProject
		TextFile1.txt = TextFile1.txt
	EndProjectSection
EndProject
Project("{FAE04EC0-301F-11D3-BF4B-00C04F79EFBC}") = "ConsoleApplication1", "ConsoleApplication1\ConsoleApplication1.csproj", "{ACBD884F-B6A1-4420-BAB7-A5CC772E008C}"
EndProject
Global
	GlobalSection(SolutionConfigurationPlatforms) = preSolution
		Debug|Any CPU = Debug|Any CPU
		Release|Any CPU = Release|Any CPU
	EndGlobalSection
	GlobalSection(ProjectConfigurationPlatforms) = postSolution
		{789BBE57-6269-4129-A01A-E39D086BF7BC}.Debug|Any CPU.ActiveCfg = Debug|Any CPU
		{789BBE57-6269-4129-A01A-E39D086BF7BC}.Debug|Any CPU.Build.0 = Debug|Any CPU
		{789BBE57-6269-4129-A01A-E39D086BF7BC}.Release|Any CPU.ActiveCfg = Release|Any CPU
		{789BBE57-6269-4129-A01A-E39D086BF7BC}.Release|Any CPU.Build.0 = Release|Any CPU
		{ACBD884F-B6A1-4420-BAB7-A5CC772E008C}.Debug|Any CPU.ActiveCfg = Debug|Any CPU
		{ACBD884F-B6A1-4420-BAB7-A5CC772E008C}.Debug|Any CPU.Build.0 = Debug|Any CPU
		{ACBD884F-B6A1-4420-BAB7-A5CC772E008C}.Release|Any CPU.ActiveCfg = Release|Any CPU
		{ACBD884F-B6A1-4420-BAB7-A5CC772E008C}.Release|Any CPU.Build.0 = Release|Any CPU
	EndGlobalSection
	GlobalSection(SolutionProperties) = preSolution
		HideSolutionNode = FALSE
	EndGlobalSection
EndGlobal
